{
 "profile": "[settings]\narch=x86_64\narch_build=x86_64\nbuild_type=Release\ncompiler=gcc\ncompiler.libcxx=libstdc++\ncompiler.version=9\nos=Linux\nos_build=Linux\n[options]\n[build_requires]\n[env]\n",
 "graph_lock": {
  "nodes": {
   "c592e8bf-df76-11e9-9218-818d0acd1927": {
    "pref": "harfbuzz/1.0@_/_#bfd268132eb937dc5ebd9f3e42e4b412:bd84e2934e49e39741aeebb2119e0962a8e309b7",
    "options": "shared=False\nfontconfig:shared=False",
    "requires": {
     "fontconfig/1.0@_/_#d710727a509d80daf014d99a8bb81b95": "c592e8be-df76-11e9-9218-818d0acd1927"
    }
   },
   "c592e8c2-df76-11e9-9218-818d0acd1927": {
    "pref": "nano/1.0@_/_:59fbdd55af9ae3a3959500197be30376d97743d9",
    "options": "ffmpeg:shared=False\nfontconfig:shared=False\nharfbuzz:shared=False\nzlib:shared=False",
    "requires": {
     "ffmpeg/1.0@_/_#783f7f88bbfc8d25885d96ac17403503": "c592e8c0-df76-11e9-9218-818d0acd1927",
     "fontconfig/1.0@_/_#d710727a509d80daf014d99a8bb81b95": "c592e8be-df76-11e9-9218-818d0acd1927",
     "harfbuzz/1.0@_/_#bfd268132eb937dc5ebd9f3e42e4b412": "c592e8bf-df76-11e9-9218-818d0acd1927",
     "zlib/1.0@_/_#0e280695800433574bfb184cc8621b73": "c592e8c1-df76-11e9-9218-818d0acd1927"
    }
   },
   "c592e8c1-df76-11e9-9218-818d0acd1927": {
    "pref": "zlib/1.0@_/_#0e280695800433574bfb184cc8621b73:2a30b7d6ea2202e5393ebda51c8729dd2162b9f8",
    "options": "shared=False"
   },
   "c592e8c0-df76-11e9-9218-818d0acd1927": {
    "pref": "ffmpeg/1.0@_/_#783f7f88bbfc8d25885d96ac17403503:2a30b7d6ea2202e5393ebda51c8729dd2162b9f8",
    "options": "shared=False"
   },
   "c592e8be-df76-11e9-9218-818d0acd1927": {
    "pref": "fontconfig/1.0@_/_#d710727a509d80daf014d99a8bb81b95:2a30b7d6ea2202e5393ebda51c8729dd2162b9f8",
    "options": "shared=False"
   }
  }
 },
 "version": "0.1"
}